// !$*UTF8*$!
{
	archiveVersion = 1;
	classes = {
	};
	objectVersion = 50;
	objects = {

/* Begin PBXBuildFile section */
		20BA78C123803B5F00356FF5 /* LibraryTest.swift in Sources */ = {isa = PBXBuildFile; fileRef = 20BA78C023803B5F00356FF5 /* LibraryTest.swift */; };
		20BA78C523803B9800356FF5 /* ToolsTest.swift in Sources */ = {isa = PBXBuildFile; fileRef = 20BA78C423803B9800356FF5 /* ToolsTest.swift */; };
		20BA78CA23803C1500356FF5 /* NTBaseTabBarController.swift in Sources */ = {isa = PBXBuildFile; fileRef = 20BA78C923803C1500356FF5 /* NTBaseTabBarController.swift */; };
		20BA78CC23803C4200356FF5 /* NTModulesTest.swift in Sources */ = {isa = PBXBuildFile; fileRef = 20BA78CB23803C4200356FF5 /* NTModulesTest.swift */; };
		20BA78CE23803D5500356FF5 /* NTBaseNavigationController.swift in Sources */ = {isa = PBXBuildFile; fileRef = 20BA78CD23803D5500356FF5 /* NTBaseNavigationController.swift */; };
		20BA78D023803D7700356FF5 /* NTBaseViewController.swift in Sources */ = {isa = PBXBuildFile; fileRef = 20BA78CF23803D7700356FF5 /* NTBaseViewController.swift */; };
		20BA78D7238044A400356FF5 /* NTCircleVC.swift in Sources */ = {isa = PBXBuildFile; fileRef = 20BA78D6238044A400356FF5 /* NTCircleVC.swift */; };
		20BA78D9238044B600356FF5 /* NTUserVC.swift in Sources */ = {isa = PBXBuildFile; fileRef = 20BA78D8238044B600356FF5 /* NTUserVC.swift */; };
		20BA78DC2380466A00356FF5 /* NTGlobal.swift in Sources */ = {isa = PBXBuildFile; fileRef = 20BA78DB2380466A00356FF5 /* NTGlobal.swift */; };
		20BA78E02380486100356FF5 /* NTHomeVC.swift in Sources */ = {isa = PBXBuildFile; fileRef = 20BA78DF2380486100356FF5 /* NTHomeVC.swift */; };
		20BA78E22380488D00356FF5 /* NTHomeListCell.swift in Sources */ = {isa = PBXBuildFile; fileRef = 20BA78E12380488D00356FF5 /* NTHomeListCell.swift */; };
		20F2DF38237FFDA100AD8558 /* AppDelegate.swift in Sources */ = {isa = PBXBuildFile; fileRef = 20F2DF37237FFDA100AD8558 /* AppDelegate.swift */; };
		20F2DF3A237FFDA100AD8558 /* ViewController.swift in Sources */ = {isa = PBXBuildFile; fileRef = 20F2DF39237FFDA100AD8558 /* ViewController.swift */; };
		20F2DF3D237FFDA100AD8558 /* Main.storyboard in Resources */ = {isa = PBXBuildFile; fileRef = 20F2DF3B237FFDA100AD8558 /* Main.storyboard */; };
		20F2DF3F237FFDA200AD8558 /* Assets.xcassets in Resources */ = {isa = PBXBuildFile; fileRef = 20F2DF3E237FFDA200AD8558 /* Assets.xcassets */; };
		20F2DF42237FFDA200AD8558 /* LaunchScreen.storyboard in Resources */ = {isa = PBXBuildFile; fileRef = 20F2DF40237FFDA200AD8558 /* LaunchScreen.storyboard */; };
		20F2DF4D237FFDA200AD8558 /* WeChatTests.swift in Sources */ = {isa = PBXBuildFile; fileRef = 20F2DF4C237FFDA200AD8558 /* WeChatTests.swift */; };
		20F2DF58237FFDA200AD8558 /* WeChatUITests.swift in Sources */ = {isa = PBXBuildFile; fileRef = 20F2DF57237FFDA200AD8558 /* WeChatUITests.swift */; };
		D744257CBBD198D353C961DC /* Pods_WeChat.framework in Frameworks */ = {isa = PBXBuildFile; fileRef = 31300EA9071391C59CD857EE /* Pods_WeChat.framework */; };
/* End PBXBuildFile section */

/* Begin PBXContainerItemProxy section */
		20F2DF49237FFDA200AD8558 /* PBXContainerItemProxy */ = {
			isa = PBXContainerItemProxy;
			containerPortal = 20F2DF2C237FFDA100AD8558 /* Project object */;
			proxyType = 1;
			remoteGlobalIDString = 20F2DF33237FFDA100AD8558;
			remoteInfo = WeChat;
		};
		20F2DF54237FFDA200AD8558 /* PBXContainerItemProxy */ = {
			isa = PBXContainerItemProxy;
			containerPortal = 20F2DF2C237FFDA100AD8558 /* Project object */;
			proxyType = 1;
			remoteGlobalIDString = 20F2DF33237FFDA100AD8558;
			remoteInfo = WeChat;
		};
/* End PBXContainerItemProxy section */

/* Begin PBXFileReference section */
		20BA78C023803B5F00356FF5 /* LibraryTest.swift */ = {isa = PBXFileReference; lastKnownFileType = sourcecode.swift; path = LibraryTest.swift; sourceTree = "<group>"; };
		20BA78C423803B9800356FF5 /* ToolsTest.swift */ = {isa = PBXFileReference; lastKnownFileType = sourcecode.swift; path = ToolsTest.swift; sourceTree = "<group>"; };
		20BA78C923803C1500356FF5 /* NTBaseTabBarController.swift */ = {isa = PBXFileReference; lastKnownFileType = sourcecode.swift; path = NTBaseTabBarController.swift; sourceTree = "<group>"; };
		20BA78CB23803C4200356FF5 /* NTModulesTest.swift */ = {isa = PBXFileReference; lastKnownFileType = sourcecode.swift; path = NTModulesTest.swift; sourceTree = "<group>"; };
		20BA78CD23803D5500356FF5 /* NTBaseNavigationController.swift */ = {isa = PBXFileReference; lastKnownFileType = sourcecode.swift; path = NTBaseNavigationController.swift; sourceTree = "<group>"; };
		20BA78CF23803D7700356FF5 /* NTBaseViewController.swift */ = {isa = PBXFileReference; lastKnownFileType = sourcecode.swift; path = NTBaseViewController.swift; sourceTree = "<group>"; };
		20BA78D6238044A400356FF5 /* NTCircleVC.swift */ = {isa = PBXFileReference; lastKnownFileType = sourcecode.swift; path = NTCircleVC.swift; sourceTree = "<group>"; };
		20BA78D8238044B600356FF5 /* NTUserVC.swift */ = {isa = PBXFileReference; lastKnownFileType = sourcecode.swift; path = NTUserVC.swift; sourceTree = "<group>"; };
		20BA78DB2380466A00356FF5 /* NTGlobal.swift */ = {isa = PBXFileReference; lastKnownFileType = sourcecode.swift; path = NTGlobal.swift; sourceTree = "<group>"; };
		20BA78DF2380486100356FF5 /* NTHomeVC.swift */ = {isa = PBXFileReference; fileEncoding = 4; lastKnownFileType = sourcecode.swift; path = NTHomeVC.swift; sourceTree = "<group>"; };
		20BA78E12380488D00356FF5 /* NTHomeListCell.swift */ = {isa = PBXFileReference; lastKnownFileType = sourcecode.swift; path = NTHomeListCell.swift; sourceTree = "<group>"; };
		20F2DF34237FFDA100AD8558 /* WeChat.app */ = {isa = PBXFileReference; explicitFileType = wrapper.application; includeInIndex = 0; path = WeChat.app; sourceTree = BUILT_PRODUCTS_DIR; };
		20F2DF37237FFDA100AD8558 /* AppDelegate.swift */ = {isa = PBXFileReference; lastKnownFileType = sourcecode.swift; path = AppDelegate.swift; sourceTree = "<group>"; };
		20F2DF39237FFDA100AD8558 /* ViewController.swift */ = {isa = PBXFileReference; lastKnownFileType = sourcecode.swift; path = ViewController.swift; sourceTree = "<group>"; };
		20F2DF3C237FFDA100AD8558 /* Base */ = {isa = PBXFileReference; lastKnownFileType = file.storyboard; name = Base; path = Base.lproj/Main.storyboard; sourceTree = "<group>"; };
		20F2DF3E237FFDA200AD8558 /* Assets.xcassets */ = {isa = PBXFileReference; lastKnownFileType = folder.assetcatalog; path = Assets.xcassets; sourceTree = "<group>"; };
		20F2DF41237FFDA200AD8558 /* Base */ = {isa = PBXFileReference; lastKnownFileType = file.storyboard; name = Base; path = Base.lproj/LaunchScreen.storyboard; sourceTree = "<group>"; };
		20F2DF43237FFDA200AD8558 /* Info.plist */ = {isa = PBXFileReference; lastKnownFileType = text.plist.xml; path = Info.plist; sourceTree = "<group>"; };
		20F2DF48237FFDA200AD8558 /* WeChatTests.xctest */ = {isa = PBXFileReference; explicitFileType = wrapper.cfbundle; includeInIndex = 0; path = WeChatTests.xctest; sourceTree = BUILT_PRODUCTS_DIR; };
		20F2DF4C237FFDA200AD8558 /* WeChatTests.swift */ = {isa = PBXFileReference; lastKnownFileType = sourcecode.swift; path = WeChatTests.swift; sourceTree = "<group>"; };
		20F2DF4E237FFDA200AD8558 /* Info.plist */ = {isa = PBXFileReference; lastKnownFileType = text.plist.xml; path = Info.plist; sourceTree = "<group>"; };
		20F2DF53237FFDA200AD8558 /* WeChatUITests.xctest */ = {isa = PBXFileReference; explicitFileType = wrapper.cfbundle; includeInIndex = 0; path = WeChatUITests.xctest; sourceTree = BUILT_PRODUCTS_DIR; };
		20F2DF57237FFDA200AD8558 /* WeChatUITests.swift */ = {isa = PBXFileReference; lastKnownFileType = sourcecode.swift; path = WeChatUITests.swift; sourceTree = "<group>"; };
		20F2DF59237FFDA200AD8558 /* Info.plist */ = {isa = PBXFileReference; lastKnownFileType = text.plist.xml; path = Info.plist; sourceTree = "<group>"; };
		31300EA9071391C59CD857EE /* Pods_WeChat.framework */ = {isa = PBXFileReference; explicitFileType = wrapper.framework; includeInIndex = 0; path = Pods_WeChat.framework; sourceTree = BUILT_PRODUCTS_DIR; };
		4950CEF69954791C7B079452 /* Pods-WeChat.release.xcconfig */ = {isa = PBXFileReference; includeInIndex = 1; lastKnownFileType = text.xcconfig; name = "Pods-WeChat.release.xcconfig"; path = "Target Support Files/Pods-WeChat/Pods-WeChat.release.xcconfig"; sourceTree = "<group>"; };
		6621C038172A56EEA9FA0661 /* Pods-WeChat.debug.xcconfig */ = {isa = PBXFileReference; includeInIndex = 1; lastKnownFileType = text.xcconfig; name = "Pods-WeChat.debug.xcconfig"; path = "Target Support Files/Pods-WeChat/Pods-WeChat.debug.xcconfig"; sourceTree = "<group>"; };
/* End PBXFileReference section */

/* Begin PBXFrameworksBuildPhase section */
		20F2DF31237FFDA100AD8558 /* Frameworks */ = {
			isa = PBXFrameworksBuildPhase;
			buildActionMask = 2147483647;
			files = (
				D744257CBBD198D353C961DC /* Pods_WeChat.framework in Frameworks */,
			);
			runOnlyForDeploymentPostprocessing = 0;
		};
		20F2DF45237FFDA200AD8558 /* Frameworks */ = {
			isa = PBXFrameworksBuildPhase;
			buildActionMask = 2147483647;
			files = (
			);
			runOnlyForDeploymentPostprocessing = 0;
		};
		20F2DF50237FFDA200AD8558 /* Frameworks */ = {
			isa = PBXFrameworksBuildPhase;
			buildActionMask = 2147483647;
			files = (
			);
			runOnlyForDeploymentPostprocessing = 0;
		};
/* End PBXFrameworksBuildPhase section */

/* Begin PBXGroup section */
		07ED9065D4E0548CAE02387A /* Frameworks */ = {
			isa = PBXGroup;
			children = (
				31300EA9071391C59CD857EE /* Pods_WeChat.framework */,
			);
			name = Frameworks;
			sourceTree = "<group>";
		};
		20BA78BC2380340500356FF5 /* Tools */ = {
			isa = PBXGroup;
			children = (
				20BA78C423803B9800356FF5 /* ToolsTest.swift */,
			);
			path = Tools;
			sourceTree = "<group>";
		};
		20BA78BD2380399100356FF5 /* Others */ = {
			isa = PBXGroup;
			children = (
				20F2DF37237FFDA100AD8558 /* AppDelegate.swift */,
				20F2DF39237FFDA100AD8558 /* ViewController.swift */,
				20F2DF3B237FFDA100AD8558 /* Main.storyboard */,
				20F2DF3E237FFDA200AD8558 /* Assets.xcassets */,
				20F2DF40237FFDA200AD8558 /* LaunchScreen.storyboard */,
				20F2DF43237FFDA200AD8558 /* Info.plist */,
			);
			name = Others;
			sourceTree = "<group>";
		};
		20BA78BE23803AF300356FF5 /* Classess */ = {
			isa = PBXGroup;
			children = (
				20BA78D32380447100356FF5 /* User */,
				20BA78D22380446500356FF5 /* Circle */,
				20BA78D12380445F00356FF5 /* Home */,
			);
			path = Classess;
			sourceTree = "<group>";
		};
		20BA78BF23803AFD00356FF5 /* Librarys */ = {
			isa = PBXGroup;
			children = (
				20BA78C023803B5F00356FF5 /* LibraryTest.swift */,
			);
			path = Librarys;
			sourceTree = "<group>";
		};
		20BA78C623803BC100356FF5 /* Modules */ = {
			isa = PBXGroup;
			children = (
				20BA78CB23803C4200356FF5 /* NTModulesTest.swift */,
			);
			path = Modules;
			sourceTree = "<group>";
		};
		20BA78C723803BD900356FF5 /* Main */ = {
			isa = PBXGroup;
			children = (
				20BA78DA2380463B00356FF5 /* Global */,
				20BA78C823803BE000356FF5 /* Base */,
			);
			path = Main;
			sourceTree = "<group>";
		};
		20BA78C823803BE000356FF5 /* Base */ = {
			isa = PBXGroup;
			children = (
				20BA78C923803C1500356FF5 /* NTBaseTabBarController.swift */,
				20BA78CD23803D5500356FF5 /* NTBaseNavigationController.swift */,
				20BA78CF23803D7700356FF5 /* NTBaseViewController.swift */,
			);
			path = Base;
			sourceTree = "<group>";
		};
		20BA78D12380445F00356FF5 /* Home */ = {
			isa = PBXGroup;
			children = (
				20BA78DD2380483300356FF5 /* View */,
				20BA78DE2380483900356FF5 /* ViewController */,
			);
			path = Home;
			sourceTree = "<group>";
		};
		20BA78D22380446500356FF5 /* Circle */ = {
			isa = PBXGroup;
			children = (
				20BA78D6238044A400356FF5 /* NTCircleVC.swift */,
			);
			path = Circle;
			sourceTree = "<group>";
		};
		20BA78D32380447100356FF5 /* User */ = {
			isa = PBXGroup;
			children = (
				20BA78D8238044B600356FF5 /* NTUserVC.swift */,
			);
			path = User;
			sourceTree = "<group>";
		};
		20BA78DA2380463B00356FF5 /* Global */ = {
			isa = PBXGroup;
			children = (
				20BA78DB2380466A00356FF5 /* NTGlobal.swift */,
			);
			path = Global;
			sourceTree = "<group>";
		};
		20BA78DD2380483300356FF5 /* View */ = {
			isa = PBXGroup;
			children = (
				20BA78E12380488D00356FF5 /* NTHomeListCell.swift */,
			);
			path = View;
			sourceTree = "<group>";
		};
		20BA78DE2380483900356FF5 /* ViewController */ = {
			isa = PBXGroup;
			children = (
				20BA78DF2380486100356FF5 /* NTHomeVC.swift */,
			);
			path = ViewController;
			sourceTree = "<group>";
		};
		20F2DF2B237FFDA100AD8558 = {
			isa = PBXGroup;
			children = (
				20F2DF36237FFDA100AD8558 /* WeChat */,
				20F2DF4B237FFDA200AD8558 /* WeChatTests */,
				20F2DF56237FFDA200AD8558 /* WeChatUITests */,
				20F2DF35237FFDA100AD8558 /* Products */,
				7E8510B2FCAFB98EA4790565 /* Pods */,
				07ED9065D4E0548CAE02387A /* Frameworks */,
			);
			sourceTree = "<group>";
		};
		20F2DF35237FFDA100AD8558 /* Products */ = {
			isa = PBXGroup;
			children = (
				20F2DF34237FFDA100AD8558 /* WeChat.app */,
				20F2DF48237FFDA200AD8558 /* WeChatTests.xctest */,
				20F2DF53237FFDA200AD8558 /* WeChatUITests.xctest */,
			);
			name = Products;
			sourceTree = "<group>";
		};
		20F2DF36237FFDA100AD8558 /* WeChat */ = {
			isa = PBXGroup;
			children = (
				20BA78C723803BD900356FF5 /* Main */,
				20BA78C623803BC100356FF5 /* Modules */,
				20BA78BF23803AFD00356FF5 /* Librarys */,
				20BA78BE23803AF300356FF5 /* Classess */,
				20BA78BC2380340500356FF5 /* Tools */,
				20BA78BD2380399100356FF5 /* Others */,
			);
			path = WeChat;
			sourceTree = "<group>";
		};
		20F2DF4B237FFDA200AD8558 /* WeChatTests */ = {
			isa = PBXGroup;
			children = (
				20F2DF4C237FFDA200AD8558 /* WeChatTests.swift */,
				20F2DF4E237FFDA200AD8558 /* Info.plist */,
			);
			path = WeChatTests;
			sourceTree = "<group>";
		};
		20F2DF56237FFDA200AD8558 /* WeChatUITests */ = {
			isa = PBXGroup;
			children = (
				20F2DF57237FFDA200AD8558 /* WeChatUITests.swift */,
				20F2DF59237FFDA200AD8558 /* Info.plist */,
			);
			path = WeChatUITests;
			sourceTree = "<group>";
		};
		7E8510B2FCAFB98EA4790565 /* Pods */ = {
			isa = PBXGroup;
			children = (
				6621C038172A56EEA9FA0661 /* Pods-WeChat.debug.xcconfig */,
				4950CEF69954791C7B079452 /* Pods-WeChat.release.xcconfig */,
			);
			path = Pods;
			sourceTree = "<group>";
		};
/* End PBXGroup section */

/* Begin PBXNativeTarget section */
		20F2DF33237FFDA100AD8558 /* WeChat */ = {
			isa = PBXNativeTarget;
			buildConfigurationList = 20F2DF5C237FFDA200AD8558 /* Build configuration list for PBXNativeTarget "WeChat" */;
			buildPhases = (
				66CD6716D7E63186270FAAD9 /* [CP] Check Pods Manifest.lock */,
				20F2DF30237FFDA100AD8558 /* Sources */,
				20F2DF31237FFDA100AD8558 /* Frameworks */,
				20F2DF32237FFDA100AD8558 /* Resources */,
				7CD06C9F07DA735D12C124BE /* [CP] Embed Pods Frameworks */,
			);
			buildRules = (
			);
			dependencies = (
			);
			name = WeChat;
			productName = WeChat;
			productReference = 20F2DF34237FFDA100AD8558 /* WeChat.app */;
			productType = "com.apple.product-type.application";
		};
		20F2DF47237FFDA200AD8558 /* WeChatTests */ = {
			isa = PBXNativeTarget;
			buildConfigurationList = 20F2DF5F237FFDA200AD8558 /* Build configuration list for PBXNativeTarget "WeChatTests" */;
			buildPhases = (
				20F2DF44237FFDA200AD8558 /* Sources */,
				20F2DF45237FFDA200AD8558 /* Frameworks */,
				20F2DF46237FFDA200AD8558 /* Resources */,
			);
			buildRules = (
			);
			dependencies = (
				20F2DF4A237FFDA200AD8558 /* PBXTargetDependency */,
			);
			name = WeChatTests;
			productName = WeChatTests;
			productReference = 20F2DF48237FFDA200AD8558 /* WeChatTests.xctest */;
			productType = "com.apple.product-type.bundle.unit-test";
		};
		20F2DF52237FFDA200AD8558 /* WeChatUITests */ = {
			isa = PBXNativeTarget;
			buildConfigurationList = 20F2DF62237FFDA200AD8558 /* Build configuration list for PBXNativeTarget "WeChatUITests" */;
			buildPhases = (
				20F2DF4F237FFDA200AD8558 /* Sources */,
				20F2DF50237FFDA200AD8558 /* Frameworks */,
				20F2DF51237FFDA200AD8558 /* Resources */,
			);
			buildRules = (
			);
			dependencies = (
				20F2DF55237FFDA200AD8558 /* PBXTargetDependency */,
			);
			name = WeChatUITests;
			productName = WeChatUITests;
			productReference = 20F2DF53237FFDA200AD8558 /* WeChatUITests.xctest */;
			productType = "com.apple.product-type.bundle.ui-testing";
		};
/* End PBXNativeTarget section */

/* Begin PBXProject section */
		20F2DF2C237FFDA100AD8558 /* Project object */ = {
			isa = PBXProject;
			attributes = {
				CLASSPREFIX = NT;
				LastSwiftUpdateCheck = 1030;
				LastUpgradeCheck = 1030;
				ORGANIZATIONNAME = WeChat;
				TargetAttributes = {
					20F2DF33237FFDA100AD8558 = {
						CreatedOnToolsVersion = 10.3;
					};
					20F2DF47237FFDA200AD8558 = {
						CreatedOnToolsVersion = 10.3;
						TestTargetID = 20F2DF33237FFDA100AD8558;
					};
					20F2DF52237FFDA200AD8558 = {
						CreatedOnToolsVersion = 10.3;
						TestTargetID = 20F2DF33237FFDA100AD8558;
					};
				};
			};
			buildConfigurationList = 20F2DF2F237FFDA100AD8558 /* Build configuration list for PBXProject "WeChat" */;
			compatibilityVersion = "Xcode 9.3";
			developmentRegion = en;
			hasScannedForEncodings = 0;
			knownRegions = (
				en,
				Base,
			);
			mainGroup = 20F2DF2B237FFDA100AD8558;
			productRefGroup = 20F2DF35237FFDA100AD8558 /* Products */;
			projectDirPath = "";
			projectRoot = "";
			targets = (
				20F2DF33237FFDA100AD8558 /* WeChat */,
				20F2DF47237FFDA200AD8558 /* WeChatTests */,
				20F2DF52237FFDA200AD8558 /* WeChatUITests */,
			);
		};
/* End PBXProject section */

/* Begin PBXResourcesBuildPhase section */
		20F2DF32237FFDA100AD8558 /* Resources */ = {
			isa = PBXResourcesBuildPhase;
			buildActionMask = 2147483647;
			files = (
				20F2DF42237FFDA200AD8558 /* LaunchScreen.storyboard in Resources */,
				20F2DF3F237FFDA200AD8558 /* Assets.xcassets in Resources */,
				20F2DF3D237FFDA100AD8558 /* Main.storyboard in Resources */,
			);
			runOnlyForDeploymentPostprocessing = 0;
		};
		20F2DF46237FFDA200AD8558 /* Resources */ = {
			isa = PBXResourcesBuildPhase;
			buildActionMask = 2147483647;
			files = (
			);
			runOnlyForDeploymentPostprocessing = 0;
		};
		20F2DF51237FFDA200AD8558 /* Resources */ = {
			isa = PBXResourcesBuildPhase;
			buildActionMask = 2147483647;
			files = (
			);
			runOnlyForDeploymentPostprocessing = 0;
		};
/* End PBXResourcesBuildPhase section */

/* Begin PBXShellScriptBuildPhase section */
		66CD6716D7E63186270FAAD9 /* [CP] Check Pods Manifest.lock */ = {
			isa = PBXShellScriptBuildPhase;
			buildActionMask = 2147483647;
			files = (
			);
			inputFileListPaths = (
			);
			inputPaths = (
				"${PODS_PODFILE_DIR_PATH}/Podfile.lock",
				"${PODS_ROOT}/Manifest.lock",
			);
			name = "[CP] Check Pods Manifest.lock";
			outputFileListPaths = (
			);
			outputPaths = (
				"$(DERIVED_FILE_DIR)/Pods-WeChat-checkManifestLockResult.txt",
			);
			runOnlyForDeploymentPostprocessing = 0;
			shellPath = /bin/sh;
			shellScript = "diff \"${PODS_PODFILE_DIR_PATH}/Podfile.lock\" \"${PODS_ROOT}/Manifest.lock\" > /dev/null\nif [ $? != 0 ] ; then\n    # print error to STDERR\n    echo \"error: The sandbox is not in sync with the Podfile.lock. Run 'pod install' or update your CocoaPods installation.\" >&2\n    exit 1\nfi\n# This output is used by Xcode 'outputs' to avoid re-running this script phase.\necho \"SUCCESS\" > \"${SCRIPT_OUTPUT_FILE_0}\"\n";
			showEnvVarsInLog = 0;
		};
		7CD06C9F07DA735D12C124BE /* [CP] Embed Pods Frameworks */ = {
			isa = PBXShellScriptBuildPhase;
			buildActionMask = 2147483647;
			files = (
			);
			inputFileListPaths = (
			);
			inputPaths = (
				"${PODS_ROOT}/Target Support Files/Pods-WeChat/Pods-WeChat-frameworks.sh",
				"${BUILT_PRODUCTS_DIR}/Alamofire/Alamofire.framework",
				"${BUILT_PRODUCTS_DIR}/HandyJSON/HandyJSON.framework",
				"${BUILT_PRODUCTS_DIR}/Kingfisher/Kingfisher.framework",
				"${BUILT_PRODUCTS_DIR}/MBProgressHUD/MBProgressHUD.framework",
				"${BUILT_PRODUCTS_DIR}/MJRefresh/MJRefresh.framework",
				"${BUILT_PRODUCTS_DIR}/Moya/Moya.framework",
				"${BUILT_PRODUCTS_DIR}/Result/Result.framework",
				"${BUILT_PRODUCTS_DIR}/RxCocoa/RxCocoa.framework",
				"${BUILT_PRODUCTS_DIR}/RxRelay/RxRelay.framework",
				"${BUILT_PRODUCTS_DIR}/RxSwift/RxSwift.framework",
				"${BUILT_PRODUCTS_DIR}/SnapKit/SnapKit.framework",
				"${BUILT_PRODUCTS_DIR}/YYCategories/YYCategories.framework",
				"${BUILT_PRODUCTS_DIR}/YYText/YYText.framework",
			);
			name = "[CP] Embed Pods Frameworks";
			outputFileListPaths = (
			);
			outputPaths = (
				"${TARGET_BUILD_DIR}/${FRAMEWORKS_FOLDER_PATH}/Alamofire.framework",
				"${TARGET_BUILD_DIR}/${FRAMEWORKS_FOLDER_PATH}/HandyJSON.framework",
				"${TARGET_BUILD_DIR}/${FRAMEWORKS_FOLDER_PATH}/Kingfisher.framework",
				"${TARGET_BUILD_DIR}/${FRAMEWORKS_FOLDER_PATH}/MBProgressHUD.framework",
				"${TARGET_BUILD_DIR}/${FRAMEWORKS_FOLDER_PATH}/MJRefresh.framework",
				"${TARGET_BUILD_DIR}/${FRAMEWORKS_FOLDER_PATH}/Moya.framework",
				"${TARGET_BUILD_DIR}/${FRAMEWORKS_FOLDER_PATH}/Result.framework",
				"${TARGET_BUILD_DIR}/${FRAMEWORKS_FOLDER_PATH}/RxCocoa.framework",
				"${TARGET_BUILD_DIR}/${FRAMEWORKS_FOLDER_PATH}/RxRelay.framework",
				"${TARGET_BUILD_DIR}/${FRAMEWORKS_FOLDER_PATH}/RxSwift.framework",
				"${TARGET_BUILD_DIR}/${FRAMEWORKS_FOLDER_PATH}/SnapKit.framework",
				"${TARGET_BUILD_DIR}/${FRAMEWORKS_FOLDER_PATH}/YYCategories.framework",
				"${TARGET_BUILD_DIR}/${FRAMEWORKS_FOLDER_PATH}/YYText.framework",
			);
			runOnlyForDeploymentPostprocessing = 0;
			shellPath = /bin/sh;
			shellScript = "\"${PODS_ROOT}/Target Support Files/Pods-WeChat/Pods-WeChat-frameworks.sh\"\n";
			showEnvVarsInLog = 0;
		};
/* End PBXShellScriptBuildPhase section */

/* Begin PBXSourcesBuildPhase section */
		20F2DF30237FFDA100AD8558 /* Sources */ = {
			isa = PBXSourcesBuildPhase;
			buildActionMask = 2147483647;
			files = (
				20BA78DC2380466A00356FF5 /* NTGlobal.swift in Sources */,
				20BA78D023803D7700356FF5 /* NTBaseViewController.swift in Sources */,
				20BA78CE23803D5500356FF5 /* NTBaseNavigationController.swift in Sources */,
				20F2DF3A237FFDA100AD8558 /* ViewController.swift in Sources */,
				20BA78D9238044B600356FF5 /* NTUserVC.swift in Sources */,
				20F2DF38237FFDA100AD8558 /* AppDelegate.swift in Sources */,
				20BA78CC23803C4200356FF5 /* NTModulesTest.swift in Sources */,
				20BA78CA23803C1500356FF5 /* NTBaseTabBarController.swift in Sources */,
				20BA78E22380488D00356FF5 /* NTHomeListCell.swift in Sources */,
				20BA78D7238044A400356FF5 /* NTCircleVC.swift in Sources */,
				20BA78E02380486100356FF5 /* NTHomeVC.swift in Sources */,
				20BA78C123803B5F00356FF5 /* LibraryTest.swift in Sources */,
				20BA78C523803B9800356FF5 /* ToolsTest.swift in Sources */,
			);
			runOnlyForDeploymentPostprocessing = 0;
		};
		20F2DF44237FFDA200AD8558 /* Sources */ = {
			isa = PBXSourcesBuildPhase;
			buildActionMask = 2147483647;
			files = (
				20F2DF4D237FFDA200AD8558 /* WeChatTests.swift in Sources */,
			);
			runOnlyForDeploymentPostprocessing = 0;
		};
		20F2DF4F237FFDA200AD8558 /* Sources */ = {
			isa = PBXSourcesBuildPhase;
			buildActionMask = 2147483647;
			files = (
				20F2DF58237FFDA200AD8558 /* WeChatUITests.swift in Sources */,
			);
			runOnlyForDeploymentPostprocessing = 0;
		};
/* End PBXSourcesBuildPhase section */

/* Begin PBXTargetDependency section */
		20F2DF4A237FFDA200AD8558 /* PBXTargetDependency */ = {
			isa = PBXTargetDependency;
			target = 20F2DF33237FFDA100AD8558 /* WeChat */;
			targetProxy = 20F2DF49237FFDA200AD8558 /* PBXContainerItemProxy */;
		};
		20F2DF55237FFDA200AD8558 /* PBXTargetDependency */ = {
			isa = PBXTargetDependency;
			target = 20F2DF33237FFDA100AD8558 /* WeChat */;
			targetProxy = 20F2DF54237FFDA200AD8558 /* PBXContainerItemProxy */;
		};
/* End PBXTargetDependency section */

/* Begin PBXVariantGroup section */
		20F2DF3B237FFDA100AD8558 /* Main.storyboard */ = {
			isa = PBXVariantGroup;
			children = (
				20F2DF3C237FFDA100AD8558 /* Base */,
			);
			name = Main.storyboard;
			sourceTree = "<group>";
		};
		20F2DF40237FFDA200AD8558 /* LaunchScreen.storyboard */ = {
			isa = PBXVariantGroup;
			children = (
				20F2DF41237FFDA200AD8558 /* Base */,
			);
			name = LaunchScreen.storyboard;
			sourceTree = "<group>";
		};
/* End PBXVariantGroup section */

/* Begin XCBuildConfiguration section */
		20F2DF5A237FFDA200AD8558 /* Debug */ = {
			isa = XCBuildConfiguration;
			buildSettings = {
				ALWAYS_SEARCH_USER_PATHS = NO;
				CLANG_ANALYZER_NONNULL = YES;
				CLANG_ANALYZER_NUMBER_OBJECT_CONVERSION = YES_AGGRESSIVE;
				CLANG_CXX_LANGUAGE_STANDARD = "gnu++14";
				CLANG_CXX_LIBRARY = "libc++";
				CLANG_ENABLE_MODULES = YES;
				CLANG_ENABLE_OBJC_ARC = YES;
				CLANG_ENABLE_OBJC_WEAK = YES;
				CLANG_WARN_BLOCK_CAPTURE_AUTORELEASING = YES;
				CLANG_WARN_BOOL_CONVERSION = YES;
				CLANG_WARN_COMMA = YES;
				CLANG_WARN_CONSTANT_CONVERSION = YES;
				CLANG_WARN_DEPRECATED_OBJC_IMPLEMENTATIONS = YES;
				CLANG_WARN_DIRECT_OBJC_ISA_USAGE = YES_ERROR;
				CLANG_WARN_DOCUMENTATION_COMMENTS = YES;
				CLANG_WARN_EMPTY_BODY = YES;
				CLANG_WARN_ENUM_CONVERSION = YES;
				CLANG_WARN_INFINITE_RECURSION = YES;
				CLANG_WARN_INT_CONVERSION = YES;
				CLANG_WARN_NON_LITERAL_NULL_CONVERSION = YES;
				CLANG_WARN_OBJC_IMPLICIT_RETAIN_SELF = YES;
				CLANG_WARN_OBJC_LITERAL_CONVERSION = YES;
				CLANG_WARN_OBJC_ROOT_CLASS = YES_ERROR;
				CLANG_WARN_RANGE_LOOP_ANALYSIS = YES;
				CLANG_WARN_STRICT_PROTOTYPES = YES;
				CLANG_WARN_SUSPICIOUS_MOVE = YES;
				CLANG_WARN_UNGUARDED_AVAILABILITY = YES_AGGRESSIVE;
				CLANG_WARN_UNREACHABLE_CODE = YES;
				CLANG_WARN__DUPLICATE_METHOD_MATCH = YES;
				CODE_SIGN_IDENTITY = "iPhone Developer";
				COPY_PHASE_STRIP = NO;
				DEBUG_INFORMATION_FORMAT = dwarf;
				ENABLE_STRICT_OBJC_MSGSEND = YES;
				ENABLE_TESTABILITY = YES;
				GCC_C_LANGUAGE_STANDARD = gnu11;
				GCC_DYNAMIC_NO_PIC = NO;
				GCC_NO_COMMON_BLOCKS = YES;
				GCC_OPTIMIZATION_LEVEL = 0;
				GCC_PREPROCESSOR_DEFINITIONS = (
					"DEBUG=1",
					"$(inherited)",
				);
				GCC_WARN_64_TO_32_BIT_CONVERSION = YES;
				GCC_WARN_ABOUT_RETURN_TYPE = YES_ERROR;
				GCC_WARN_UNDECLARED_SELECTOR = YES;
				GCC_WARN_UNINITIALIZED_AUTOS = YES_AGGRESSIVE;
				GCC_WARN_UNUSED_FUNCTION = YES;
				GCC_WARN_UNUSED_VARIABLE = YES;
				IPHONEOS_DEPLOYMENT_TARGET = 12.4;
				MTL_ENABLE_DEBUG_INFO = INCLUDE_SOURCE;
				MTL_FAST_MATH = YES;
				ONLY_ACTIVE_ARCH = YES;
				SDKROOT = iphoneos;
				SWIFT_ACTIVE_COMPILATION_CONDITIONS = DEBUG;
				SWIFT_OPTIMIZATION_LEVEL = "-Onone";
			};
			name = Debug;
		};
		20F2DF5B237FFDA200AD8558 /* Release */ = {
			isa = XCBuildConfiguration;
			buildSettings = {
				ALWAYS_SEARCH_USER_PATHS = NO;
				CLANG_ANALYZER_NONNULL = YES;
				CLANG_ANALYZER_NUMBER_OBJECT_CONVERSION = YES_AGGRESSIVE;
				CLANG_CXX_LANGUAGE_STANDARD = "gnu++14";
				CLANG_CXX_LIBRARY = "libc++";
				CLANG_ENABLE_MODULES = YES;
				CLANG_ENABLE_OBJC_ARC = YES;
				CLANG_ENABLE_OBJC_WEAK = YES;
				CLANG_WARN_BLOCK_CAPTURE_AUTORELEASING = YES;
				CLANG_WARN_BOOL_CONVERSION = YES;
				CLANG_WARN_COMMA = YES;
				CLANG_WARN_CONSTANT_CONVERSION = YES;
				CLANG_WARN_DEPRECATED_OBJC_IMPLEMENTATIONS = YES;
				CLANG_WARN_DIRECT_OBJC_ISA_USAGE = YES_ERROR;
				CLANG_WARN_DOCUMENTATION_COMMENTS = YES;
				CLANG_WARN_EMPTY_BODY = YES;
				CLANG_WARN_ENUM_CONVERSION = YES;
				CLANG_WARN_INFINITE_RECURSION = YES;
				CLANG_WARN_INT_CONVERSION = YES;
				CLANG_WARN_NON_LITERAL_NULL_CONVERSION = YES;
				CLANG_WARN_OBJC_IMPLICIT_RETAIN_SELF = YES;
				CLANG_WARN_OBJC_LITERAL_CONVERSION = YES;
				CLANG_WARN_OBJC_ROOT_CLASS = YES_ERROR;
				CLANG_WARN_RANGE_LOOP_ANALYSIS = YES;
				CLANG_WARN_STRICT_PROTOTYPES = YES;
				CLANG_WARN_SUSPICIOUS_MOVE = YES;
				CLANG_WARN_UNGUARDED_AVAILABILITY = YES_AGGRESSIVE;
				CLANG_WARN_UNREACHABLE_CODE = YES;
				CLANG_WARN__DUPLICATE_METHOD_MATCH = YES;
				CODE_SIGN_IDENTITY = "iPhone Developer";
				COPY_PHASE_STRIP = NO;
				DEBUG_INFORMATION_FORMAT = "dwarf-with-dsym";
				ENABLE_NS_ASSERTIONS = NO;
				ENABLE_STRICT_OBJC_MSGSEND = YES;
				GCC_C_LANGUAGE_STANDARD = gnu11;
				GCC_NO_COMMON_BLOCKS = YES;
				GCC_WARN_64_TO_32_BIT_CONVERSION = YES;
				GCC_WARN_ABOUT_RETURN_TYPE = YES_ERROR;
				GCC_WARN_UNDECLARED_SELECTOR = YES;
				GCC_WARN_UNINITIALIZED_AUTOS = YES_AGGRESSIVE;
				GCC_WARN_UNUSED_FUNCTION = YES;
				GCC_WARN_UNUSED_VARIABLE = YES;
				IPHONEOS_DEPLOYMENT_TARGET = 12.4;
				MTL_ENABLE_DEBUG_INFO = NO;
				MTL_FAST_MATH = YES;
				SDKROOT = iphoneos;
				SWIFT_COMPILATION_MODE = wholemodule;
				SWIFT_OPTIMIZATION_LEVEL = "-O";
				VALIDATE_PRODUCT = YES;
			};
			name = Release;
		};
		20F2DF5D237FFDA200AD8558 /* Debug */ = {
			isa = XCBuildConfiguration;
			baseConfigurationReference = 6621C038172A56EEA9FA0661 /* Pods-WeChat.debug.xcconfig */;
			buildSettings = {
				ASSETCATALOG_COMPILER_APPICON_NAME = AppIcon;
				CODE_SIGN_STYLE = Automatic;
				DEVELOPMENT_TEAM = 9M9NZ9H535;
				INFOPLIST_FILE = WeChat/Info.plist;
				IPHONEOS_DEPLOYMENT_TARGET = 11.0;
				LD_RUNPATH_SEARCH_PATHS = (
					"$(inherited)",
					"@executable_path/Frameworks",
				);
				PRODUCT_BUNDLE_IDENTIFIER = com.study.WeChat;
				PRODUCT_NAME = "$(TARGET_NAME)";
				SWIFT_VERSION = 5.0;
				TARGETED_DEVICE_FAMILY = 1;
			};
			name = Debug;
		};
		20F2DF5E237FFDA200AD8558 /* Release */ = {
			isa = XCBuildConfiguration;
			baseConfigurationReference = 4950CEF69954791C7B079452 /* Pods-WeChat.release.xcconfig */;
			buildSettings = {
				ASSETCATALOG_COMPILER_APPICON_NAME = AppIcon;
				CODE_SIGN_STYLE = Automatic;
				DEVELOPMENT_TEAM = 9M9NZ9H535;
				INFOPLIST_FILE = WeChat/Info.plist;
				IPHONEOS_DEPLOYMENT_TARGET = 11.0;
				LD_RUNPATH_SEARCH_PATHS = (
					"$(inherited)",
					"@executable_path/Frameworks",
				);
				PRODUCT_BUNDLE_IDENTIFIER = com.study.WeChat;
				PRODUCT_NAME = "$(TARGET_NAME)";
				SWIFT_VERSION = 5.0;
				TARGETED_DEVICE_FAMILY = 1;
			};
			name = Release;
		};
		20F2DF60237FFDA200AD8558 /* Debug */ = {
			isa = XCBuildConfiguration;
			buildSettings = {
				ALWAYS_EMBED_SWIFT_STANDARD_LIBRARIES = YES;
				BUNDLE_LOADER = "$(TEST_HOST)";
				CODE_SIGN_STYLE = Automatic;
				DEVELOPMENT_TEAM = 48A4VKF4DZ;
				INFOPLIST_FILE = WeChatTests/Info.plist;
				LD_RUNPATH_SEARCH_PATHS = (
					"$(inherited)",
					"@executable_path/Frameworks",
					"@loader_path/Frameworks",
				);
				PRODUCT_BUNDLE_IDENTIFIER = com.study.WeChatTests;
				PRODUCT_NAME = "$(TARGET_NAME)";
				SWIFT_VERSION = 5.0;
				TARGETED_DEVICE_FAMILY = "1,2";
				TEST_HOST = "$(BUILT_PRODUCTS_DIR)/WeChat.app/WeChat";
			};
			name = Debug;
		};
		20F2DF61237FFDA200AD8558 /* Release */ = {
			isa = XCBuildConfiguration;
			buildSettings = {
				ALWAYS_EMBED_SWIFT_STANDARD_LIBRARIES = YES;
				BUNDLE_LOADER = "$(TEST_HOST)";
				CODE_SIGN_STYLE = Automatic;
				DEVELOPMENT_TEAM = 48A4VKF4DZ;
				INFOPLIST_FILE = WeChatTests/Info.plist;
				LD_RUNPATH_SEARCH_PATHS = (
					"$(inherited)",
					"@executable_path/Frameworks",
					"@loader_path/Frameworks",
				);
				PRODUCT_BUNDLE_IDENTIFIER = com.study.WeChatTests;
				PRODUCT_NAME = "$(TARGET_NAME)";
				SWIFT_VERSION = 5.0;
				TARGETED_DEVICE_FAMILY = "1,2";
				TEST_HOST = "$(BUILT_PRODUCTS_DIR)/WeChat.app/WeChat";
			};
			name = Release;
		};
		20F2DF63237FFDA200AD8558 /* Debug */ = {
			isa = XCBuildConfiguration;
			buildSettings = {
				ALWAYS_EMBED_SWIFT_STANDARD_LIBRARIES = YES;
				CODE_SIGN_STYLE = Automatic;
				DEVELOPMENT_TEAM = 48A4VKF4DZ;
				INFOPLIST_FILE = WeChatUITests/Info.plist;
				LD_RUNPATH_SEARCH_PATHS = (
					"$(inherited)",
					"@executable_path/Frameworks",
					"@loader_path/Frameworks",
				);
				PRODUCT_BUNDLE_IDENTIFIER = com.study.WeChatUITests;
				PRODUCT_NAME = "$(TARGET_NAME)";
				SWIFT_VERSION = 5.0;
				TARGETED_DEVICE_FAMILY = "1,2";
				TEST_TARGET_NAME = WeChat;
			};
			name = Debug;
		};
		20F2DF64237FFDA200AD8558 /* Release */ = {
			isa = XCBuildConfiguration;
			buildSettings = {
				ALWAYS_EMBED_SWIFT_STANDARD_LIBRARIES = YES;
				CODE_SIGN_STYLE = Automatic;
				DEVELOPMENT_TEAM = 48A4VKF4DZ;
				INFOPLIST_FILE = WeChatUITests/Info.plist;
				LD_RUNPATH_SEARCH_PATHS = (
					"$(inherited)",
					"@executable_path/Frameworks",
					"@loader_path/Frameworks",
				);
				PRODUCT_BUNDLE_IDENTIFIER = com.study.WeChatUITests;
				PRODUCT_NAME = "$(TARGET_NAME)";
				SWIFT_VERSION = 5.0;
				TARGETED_DEVICE_FAMILY = "1,2";
				TEST_TARGET_NAME = WeChat;
			};
			name = Release;
		};
/* End XCBuildConfiguration section */

/* Begin XCConfigurationList section */
		20F2DF2F237FFDA100AD8558 /* Build configuration list for PBXProject "WeChat" */ = {
			isa = XCConfigurationList;
			buildConfigurations = (
				20F2DF5A237FFDA200AD8558 /* Debug */,
				20F2DF5B237FFDA200AD8558 /* Release */,
			);
			defaultConfigurationIsVisible = 0;
			defaultConfigurationName = Release;
		};
		20F2DF5C237FFDA200AD8558 /* Build configuration list for PBXNativeTarget "WeChat" */ = {
			isa = XCConfigurationList;
			buildConfigurations = (
				20F2DF5D237FFDA200AD8558 /* Debug */,
				20F2DF5E237FFDA200AD8558 /* Release */,
			);
			defaultConfigurationIsVisible = 0;
			defaultConfigurationName = Release;
		};
		20F2DF5F237FFDA200AD8558 /* Build configuration list for PBXNativeTarget "WeChatTests" */ = {
			isa = XCConfigurationList;
			buildConfigurations = (
				20F2DF60237FFDA200AD8558 /* Debug */,
				20F2DF61237FFDA200AD8558 /* Release */,
			);
			defaultConfigurationIsVisible = 0;
			defaultConfigurationName = Release;
		};
		20F2DF62237FFDA200AD8558 /* Build configuration list for PBXNativeTarget "WeChatUITests" */ = {
			isa = XCConfigurationList;
			buildConfigurations = (
				20F2DF63237FFDA200AD8558 /* Debug */,
				20F2DF64237FFDA200AD8558 /* Release */,
			);
			defaultConfigurationIsVisible = 0;
			defaultConfigurationName = Release;
		};
/* End XCConfigurationList section */
	};
	rootObject = 20F2DF2C237FFDA100AD8558 /* Project object */;
}
